
Microsoft Visual Studio Solution File, Format Version 12.00
# Visual Studio Version 17
VisualStudioVersion = 17.5.33424.131
MinimumVisualStudioVersion = 10.0.40219.1
Project("{FAE04EC0-301F-11D3-BF4B-00C04F79EFBC}") = "EX05", "EX05\EX05.csproj", "{7592F91B-35A6-4328-91F9-725D376ECF02}"
EndProject
Global
	GlobalSection(SolutionConfigurationPlatforms) = preSolution
		Debug|Any CPU = Debug|Any CPU
		Release|Any CPU = Release|Any CPU
	EndGlobalSection
	GlobalSection(ProjectConfigurationPlatforms) = postSolution
		{7592F91B-35A6-4328-91F9-725D376ECF02}.Debug|Any CPU.ActiveCfg = Debug|Any CPU
		{7592F91B-35A6-4328-91F9-725D376ECF02}.Debug|Any CPU.Build.0 = Debug|Any CPU
		{7592F91B-35A6-4328-91F9-725D376ECF02}.Release|Any CPU.ActiveCfg = Release|Any CPU
		{7592F91B-35A6-4328-91F9-725D376ECF02}.Release|Any CPU.Build.0 = Release|Any CPU
	EndGlobalSection
	GlobalSection(SolutionProperties) = preSolution
		HideSolutionNode = FALSE
	EndGlobalSection
	GlobalSection(ExtensibilityGlobals) = postSolution
		SolutionGuid = {95A1F1F2-095D-4423-AF79-7A44EBEC9652}
	EndGlobalSection
EndGlobal
