
Microsoft Visual Studio Solution File, Format Version 12.00
# Visual Studio Version 17
VisualStudioVersion = 17.5.33424.131
MinimumVisualStudioVersion = 10.0.40219.1
Project("{FAE04EC0-301F-11D3-BF4B-00C04F79EFBC}") = "WebApplication3", "WebApplication3\WebApplication3.csproj", "{E2A05B74-2EEA-4FA4-A6C7-DD538F170CB6}"
EndProject
Global
	GlobalSection(SolutionConfigurationPlatforms) = preSolution
		Debug|Any CPU = Debug|Any CPU
		Release|Any CPU = Release|Any CPU
	EndGlobalSection
	GlobalSection(ProjectConfigurationPlatforms) = postSolution
		{E2A05B74-2EEA-4FA4-A6C7-DD538F170CB6}.Debug|Any CPU.ActiveCfg = Debug|Any CPU
		{E2A05B74-2EEA-4FA4-A6C7-DD538F170CB6}.Debug|Any CPU.Build.0 = Debug|Any CPU
		{E2A05B74-2EEA-4FA4-A6C7-DD538F170CB6}.Release|Any CPU.ActiveCfg = Release|Any CPU
		{E2A05B74-2EEA-4FA4-A6C7-DD538F170CB6}.Release|Any CPU.Build.0 = Release|Any CPU
	EndGlobalSection
	GlobalSection(SolutionProperties) = preSolution
		HideSolutionNode = FALSE
	EndGlobalSection
	GlobalSection(ExtensibilityGlobals) = postSolution
		SolutionGuid = {68BE0D5E-986B-401F-BF53-F47ED3144AA7}
	EndGlobalSection
EndGlobal
