
Microsoft Visual Studio Solution File, Format Version 12.00
# Visual Studio Version 17
VisualStudioVersion = 17.5.33424.131
MinimumVisualStudioVersion = 10.0.40219.1
Project("{FAE04EC0-301F-11D3-BF4B-00C04F79EFBC}") = "EX12", "EX12\EX12.csproj", "{923E2339-D8EE-4FC5-A78D-C7EDEBB85407}"
EndProject
Global
	GlobalSection(SolutionConfigurationPlatforms) = preSolution
		Debug|Any CPU = Debug|Any CPU
		Release|Any CPU = Release|Any CPU
	EndGlobalSection
	GlobalSection(ProjectConfigurationPlatforms) = postSolution
		{923E2339-D8EE-4FC5-A78D-C7EDEBB85407}.Debug|Any CPU.ActiveCfg = Debug|Any CPU
		{923E2339-D8EE-4FC5-A78D-C7EDEBB85407}.Debug|Any CPU.Build.0 = Debug|Any CPU
		{923E2339-D8EE-4FC5-A78D-C7EDEBB85407}.Release|Any CPU.ActiveCfg = Release|Any CPU
		{923E2339-D8EE-4FC5-A78D-C7EDEBB85407}.Release|Any CPU.Build.0 = Release|Any CPU
	EndGlobalSection
	GlobalSection(SolutionProperties) = preSolution
		HideSolutionNode = FALSE
	EndGlobalSection
	GlobalSection(ExtensibilityGlobals) = postSolution
		SolutionGuid = {C8188097-5263-4523-8B9F-C27310012540}
	EndGlobalSection
EndGlobal
